
Microsoft Visual Studio Solution File, Format Version 12.00
# Visual Studio Version 16
VisualStudioVersion = 16.0.31205.134
MinimumVisualStudioVersion = 10.0.40219.1
Project("{9A19103F-16F7-4668-BE54-9A1E7A4F7556}") = "DataAccess", "DataAccess\DataAccess.csproj", "{E74564B2-E99A-4C90-9CB9-6C10F5644ABA}"
EndProject
Project("{9A19103F-16F7-4668-BE54-9A1E7A4F7556}") = "Entities", "Entities\Entities.csproj", "{C5F2362B-A7FA-4A56-B574-0323C6DC5DEC}"
EndProject
Project("{9A19103F-16F7-4668-BE54-9A1E7A4F7556}") = "Business", "Business\Business.csproj", "{3A7C761F-75DC-43FE-954F-A8087382D4FE}"
EndProject
Project("{9A19103F-16F7-4668-BE54-9A1E7A4F7556}") = "ConsoleUI", "ConsoleUI\ConsoleUI.csproj", "{4494F956-628E-4051-BDB8-E8E8A2A1A6DC}"
EndProject
Project("{FAE04EC0-301F-11D3-BF4B-00C04F79EFBC}") = "Backbone", "Backbone\Backbone.csproj", "{DD8C3F50-ADFA-4F45-8D93-B2F292D498CB}"
EndProject
Global
	GlobalSection(SolutionConfigurationPlatforms) = preSolution
		Debug|Any CPU = Debug|Any CPU
		Release|Any CPU = Release|Any CPU
	EndGlobalSection
	GlobalSection(ProjectConfigurationPlatforms) = postSolution
		{E74564B2-E99A-4C90-9CB9-6C10F5644ABA}.Debug|Any CPU.ActiveCfg = Debug|Any CPU
		{E74564B2-E99A-4C90-9CB9-6C10F5644ABA}.Debug|Any CPU.Build.0 = Debug|Any CPU
		{E74564B2-E99A-4C90-9CB9-6C10F5644ABA}.Release|Any CPU.ActiveCfg = Release|Any CPU
		{E74564B2-E99A-4C90-9CB9-6C10F5644ABA}.Release|Any CPU.Build.0 = Release|Any CPU
		{C5F2362B-A7FA-4A56-B574-0323C6DC5DEC}.Debug|Any CPU.ActiveCfg = Debug|Any CPU
		{C5F2362B-A7FA-4A56-B574-0323C6DC5DEC}.Debug|Any CPU.Build.0 = Debug|Any CPU
		{C5F2362B-A7FA-4A56-B574-0323C6DC5DEC}.Release|Any CPU.ActiveCfg = Release|Any CPU
		{C5F2362B-A7FA-4A56-B574-0323C6DC5DEC}.Release|Any CPU.Build.0 = Release|Any CPU
		{3A7C761F-75DC-43FE-954F-A8087382D4FE}.Debug|Any CPU.ActiveCfg = Debug|Any CPU
		{3A7C761F-75DC-43FE-954F-A8087382D4FE}.Debug|Any CPU.Build.0 = Debug|Any CPU
		{3A7C761F-75DC-43FE-954F-A8087382D4FE}.Release|Any CPU.ActiveCfg = Release|Any CPU
		{3A7C761F-75DC-43FE-954F-A8087382D4FE}.Release|Any CPU.Build.0 = Release|Any CPU
		{4494F956-628E-4051-BDB8-E8E8A2A1A6DC}.Debug|Any CPU.ActiveCfg = Debug|Any CPU
		{4494F956-628E-4051-BDB8-E8E8A2A1A6DC}.Debug|Any CPU.Build.0 = Debug|Any CPU
		{4494F956-628E-4051-BDB8-E8E8A2A1A6DC}.Release|Any CPU.ActiveCfg = Release|Any CPU
		{4494F956-628E-4051-BDB8-E8E8A2A1A6DC}.Release|Any CPU.Build.0 = Release|Any CPU
		{DD8C3F50-ADFA-4F45-8D93-B2F292D498CB}.Debug|Any CPU.ActiveCfg = Debug|Any CPU
		{DD8C3F50-ADFA-4F45-8D93-B2F292D498CB}.Debug|Any CPU.Build.0 = Debug|Any CPU
		{DD8C3F50-ADFA-4F45-8D93-B2F292D498CB}.Release|Any CPU.ActiveCfg = Release|Any CPU
		{DD8C3F50-ADFA-4F45-8D93-B2F292D498CB}.Release|Any CPU.Build.0 = Release|Any CPU
	EndGlobalSection
	GlobalSection(SolutionProperties) = preSolution
		HideSolutionNode = FALSE
	EndGlobalSection
	GlobalSection(ExtensibilityGlobals) = postSolution
		SolutionGuid = {AA2D3161-C63D-4BBA-AA33-2C0F3A382AFB}
	EndGlobalSection
EndGlobal
